
Microsoft Visual Studio Solution File, Format Version 12.00
# Visual Studio 15
VisualStudioVersion = 15.0.28307.271
MinimumVisualStudioVersion = 10.0.40219.1
Project("{FAE04EC0-301F-11D3-BF4B-00C04F79EFBC}") = "EventsAndDelegates", "EventsAndDelegates\EventsAndDelegates.csproj", "{4E8F0472-D8D4-4F8A-ACF0-500FC7ADF1A6}"
EndProject
Project("{FAE04EC0-301F-11D3-BF4B-00C04F79EFBC}") = "StockMarket", "StockMarket\StockMarket.csproj", "{38A383B8-66BC-4DA4-996B-EA21C6611AC6}"
EndProject
Global
	GlobalSection(SolutionConfigurationPlatforms) = preSolution
		Debug|Any CPU = Debug|Any CPU
		Release|Any CPU = Release|Any CPU
	EndGlobalSection
	GlobalSection(ProjectConfigurationPlatforms) = postSolution
		{4E8F0472-D8D4-4F8A-ACF0-500FC7ADF1A6}.Debug|Any CPU.ActiveCfg = Debug|Any CPU
		{4E8F0472-D8D4-4F8A-ACF0-500FC7ADF1A6}.Debug|Any CPU.Build.0 = Debug|Any CPU
		{4E8F0472-D8D4-4F8A-ACF0-500FC7ADF1A6}.Release|Any CPU.ActiveCfg = Release|Any CPU
		{4E8F0472-D8D4-4F8A-ACF0-500FC7ADF1A6}.Release|Any CPU.Build.0 = Release|Any CPU
		{38A383B8-66BC-4DA4-996B-EA21C6611AC6}.Debug|Any CPU.ActiveCfg = Debug|Any CPU
		{38A383B8-66BC-4DA4-996B-EA21C6611AC6}.Debug|Any CPU.Build.0 = Debug|Any CPU
		{38A383B8-66BC-4DA4-996B-EA21C6611AC6}.Release|Any CPU.ActiveCfg = Release|Any CPU
		{38A383B8-66BC-4DA4-996B-EA21C6611AC6}.Release|Any CPU.Build.0 = Release|Any CPU
	EndGlobalSection
	GlobalSection(SolutionProperties) = preSolution
		HideSolutionNode = FALSE
	EndGlobalSection
	GlobalSection(ExtensibilityGlobals) = postSolution
		SolutionGuid = {272F9A4E-B82F-4C3D-93E9-177F22740F2A}
	EndGlobalSection
EndGlobal
