
Microsoft Visual Studio Solution File, Format Version 12.00
# Visual Studio 15
VisualStudioVersion = 15.0.28307.271
MinimumVisualStudioVersion = 10.0.40219.1
Project("{8BC9CEB8-8B4A-11D0-8D11-00A0C91BC942}") = "PointersDemo", "PointersDemo\PointersDemo.vcxproj", "{DC542655-21C3-4848-8EB4-2CF2F3CDD9CA}"
EndProject
Project("{8BC9CEB8-8B4A-11D0-8D11-00A0C91BC942}") = "FunctionPointers", "FunctionPointers\FunctionPointers.vcxproj", "{A09284C6-A062-4E2C-B167-FA2D454E77C9}"
EndProject
Global
	GlobalSection(SolutionConfigurationPlatforms) = preSolution
		Debug|Any CPU = Debug|Any CPU
		Debug|x64 = Debug|x64
		Debug|x86 = Debug|x86
		Release|Any CPU = Release|Any CPU
		Release|x64 = Release|x64
		Release|x86 = Release|x86
	EndGlobalSection
	GlobalSection(ProjectConfigurationPlatforms) = postSolution
		{DC542655-21C3-4848-8EB4-2CF2F3CDD9CA}.Debug|Any CPU.ActiveCfg = Debug|Win32
		{DC542655-21C3-4848-8EB4-2CF2F3CDD9CA}.Debug|x64.ActiveCfg = Debug|x64
		{DC542655-21C3-4848-8EB4-2CF2F3CDD9CA}.Debug|x64.Build.0 = Debug|x64
		{DC542655-21C3-4848-8EB4-2CF2F3CDD9CA}.Debug|x86.ActiveCfg = Debug|Win32
		{DC542655-21C3-4848-8EB4-2CF2F3CDD9CA}.Debug|x86.Build.0 = Debug|Win32
		{DC542655-21C3-4848-8EB4-2CF2F3CDD9CA}.Release|Any CPU.ActiveCfg = Release|Win32
		{DC542655-21C3-4848-8EB4-2CF2F3CDD9CA}.Release|x64.ActiveCfg = Release|x64
		{DC542655-21C3-4848-8EB4-2CF2F3CDD9CA}.Release|x64.Build.0 = Release|x64
		{DC542655-21C3-4848-8EB4-2CF2F3CDD9CA}.Release|x86.ActiveCfg = Release|Win32
		{DC542655-21C3-4848-8EB4-2CF2F3CDD9CA}.Release|x86.Build.0 = Release|Win32
		{A09284C6-A062-4E2C-B167-FA2D454E77C9}.Debug|Any CPU.ActiveCfg = Debug|Win32
		{A09284C6-A062-4E2C-B167-FA2D454E77C9}.Debug|x64.ActiveCfg = Debug|x64
		{A09284C6-A062-4E2C-B167-FA2D454E77C9}.Debug|x64.Build.0 = Debug|x64
		{A09284C6-A062-4E2C-B167-FA2D454E77C9}.Debug|x86.ActiveCfg = Debug|Win32
		{A09284C6-A062-4E2C-B167-FA2D454E77C9}.Debug|x86.Build.0 = Debug|Win32
		{A09284C6-A062-4E2C-B167-FA2D454E77C9}.Release|Any CPU.ActiveCfg = Release|Win32
		{A09284C6-A062-4E2C-B167-FA2D454E77C9}.Release|x64.ActiveCfg = Release|x64
		{A09284C6-A062-4E2C-B167-FA2D454E77C9}.Release|x64.Build.0 = Release|x64
		{A09284C6-A062-4E2C-B167-FA2D454E77C9}.Release|x86.ActiveCfg = Release|Win32
		{A09284C6-A062-4E2C-B167-FA2D454E77C9}.Release|x86.Build.0 = Release|Win32
	EndGlobalSection
	GlobalSection(SolutionProperties) = preSolution
		HideSolutionNode = FALSE
	EndGlobalSection
	GlobalSection(ExtensibilityGlobals) = postSolution
		SolutionGuid = {CD77875F-B104-4A9F-94CA-E16B6F4AE80C}
	EndGlobalSection
EndGlobal
